
Microsoft Visual Studio Solution File, Format Version 12.00
# Visual Studio Version 16
VisualStudioVersion = 16.0.31829.152
MinimumVisualStudioVersion = 10.0.40219.1
Project("{FAE04EC0-301F-11D3-BF4B-00C04F79EFBC}") = "MusteriKayit", "MusteriKayit\MusteriKayit.csproj", "{41AE136E-664B-4012-90FC-BB0EEB255DC6}"
EndProject
Global
	GlobalSection(SolutionConfigurationPlatforms) = preSolution
		Debug|Any CPU = Debug|Any CPU
		Release|Any CPU = Release|Any CPU
	EndGlobalSection
	GlobalSection(ProjectConfigurationPlatforms) = postSolution
		{41AE136E-664B-4012-90FC-BB0EEB255DC6}.Debug|Any CPU.ActiveCfg = Debug|Any CPU
		{41AE136E-664B-4012-90FC-BB0EEB255DC6}.Debug|Any CPU.Build.0 = Debug|Any CPU
		{41AE136E-664B-4012-90FC-BB0EEB255DC6}.Release|Any CPU.ActiveCfg = Release|Any CPU
		{41AE136E-664B-4012-90FC-BB0EEB255DC6}.Release|Any CPU.Build.0 = Release|Any CPU
	EndGlobalSection
	GlobalSection(SolutionProperties) = preSolution
		HideSolutionNode = FALSE
	EndGlobalSection
	GlobalSection(ExtensibilityGlobals) = postSolution
		SolutionGuid = {19C5F7CB-E700-4BD7-95FF-98B154FB9876}
	EndGlobalSection
EndGlobal
